
Microsoft Visual Studio Solution File, Format Version 12.00
# Visual Studio Version 16
VisualStudioVersion = 25.0.1705.4
MinimumVisualStudioVersion = 10.0.40219.1
Project("{FAE04EC0-301F-11D3-BF4B-00C04F79EFBC}") = "YngveHestem.GenericParameterCollection.Maui", "YngveHestem.GenericParameterCollection.Maui\YngveHestem.GenericParameterCollection.Maui.csproj", "{4EE1DE9A-9F05-4F0A-A3D4-1D974EB2C0D2}"
EndProject
Project("{FAE04EC0-301F-11D3-BF4B-00C04F79EFBC}") = "TestProject", "TestProject\TestProject.csproj", "{4D240F2C-A9CD-4A0E-AB25-3179F7844977}"
EndProject
Global
	GlobalSection(SolutionConfigurationPlatforms) = preSolution
		Debug|Any CPU = Debug|Any CPU
		Release|Any CPU = Release|Any CPU
	EndGlobalSection
	GlobalSection(ProjectConfigurationPlatforms) = postSolution
		{4EE1DE9A-9F05-4F0A-A3D4-1D974EB2C0D2}.Debug|Any CPU.ActiveCfg = Debug|Any CPU
		{4EE1DE9A-9F05-4F0A-A3D4-1D974EB2C0D2}.Debug|Any CPU.Build.0 = Debug|Any CPU
		{4EE1DE9A-9F05-4F0A-A3D4-1D974EB2C0D2}.Release|Any CPU.ActiveCfg = Release|Any CPU
		{4EE1DE9A-9F05-4F0A-A3D4-1D974EB2C0D2}.Release|Any CPU.Build.0 = Release|Any CPU
		{4D240F2C-A9CD-4A0E-AB25-3179F7844977}.Debug|Any CPU.ActiveCfg = Debug|Any CPU
		{4D240F2C-A9CD-4A0E-AB25-3179F7844977}.Debug|Any CPU.Build.0 = Debug|Any CPU
		{4D240F2C-A9CD-4A0E-AB25-3179F7844977}.Release|Any CPU.ActiveCfg = Release|Any CPU
		{4D240F2C-A9CD-4A0E-AB25-3179F7844977}.Release|Any CPU.Build.0 = Release|Any CPU
	EndGlobalSection
	GlobalSection(SolutionProperties) = preSolution
		HideSolutionNode = FALSE
	EndGlobalSection
	GlobalSection(ExtensibilityGlobals) = postSolution
		SolutionGuid = {5D4D8DE7-85C1-4C05-89EE-11AF4243ADFD}
	EndGlobalSection
EndGlobal
